// !$*UTF8*$!
{
	archiveVersion = 1;
	classes = {
	};
	objectVersion = 50;
	objects = {

/* Begin PBXBuildFile section */
		B4B624E2752EE06349DCF9C9 /* Pods_GroceryApp.framework in Frameworks */ = {isa = PBXBuildFile; fileRef = 45E15BC374CB378E0F8C8191 /* Pods_GroceryApp.framework */; };
		CE0F66B3261DFD3B000917CF /* AppDelegate.swift in Sources */ = {isa = PBXBuildFile; fileRef = CE0F66B2261DFD3B000917CF /* AppDelegate.swift */; };
		CE0F66B5261DFD3B000917CF /* SceneDelegate.swift in Sources */ = {isa = PBXBuildFile; fileRef = CE0F66B4261DFD3B000917CF /* SceneDelegate.swift */; };
		CE0F66BA261DFD3B000917CF /* Main.storyboard in Resources */ = {isa = PBXBuildFile; fileRef = CE0F66B8261DFD3B000917CF /* Main.storyboard */; };
		CE0F66BC261DFD3F000917CF /* Assets.xcassets in Resources */ = {isa = PBXBuildFile; fileRef = CE0F66BB261DFD3F000917CF /* Assets.xcassets */; };
		CE0F66BF261DFD3F000917CF /* LaunchScreen.storyboard in Resources */ = {isa = PBXBuildFile; fileRef = CE0F66BD261DFD3F000917CF /* LaunchScreen.storyboard */; };
		CE0F66D0261E02C0000917CF /* ShopListTableViewController.swift in Sources */ = {isa = PBXBuildFile; fileRef = CE0F66CF261E02C0000917CF /* ShopListTableViewController.swift */; };
		CE0F66D3261E0B29000917CF /* ProductsTableViewController.swift in Sources */ = {isa = PBXBuildFile; fileRef = CE0F66D2261E0B29000917CF /* ProductsTableViewController.swift */; };
/* End PBXBuildFile section */

/* Begin PBXFileReference section */
		1E69B179503F8C8F407FAD5C /* Pods-GroceryApp.release.xcconfig */ = {isa = PBXFileReference; includeInIndex = 1; lastKnownFileType = text.xcconfig; name = "Pods-GroceryApp.release.xcconfig"; path = "Target Support Files/Pods-GroceryApp/Pods-GroceryApp.release.xcconfig"; sourceTree = "<group>"; };
		45E15BC374CB378E0F8C8191 /* Pods_GroceryApp.framework */ = {isa = PBXFileReference; explicitFileType = wrapper.framework; includeInIndex = 0; path = Pods_GroceryApp.framework; sourceTree = BUILT_PRODUCTS_DIR; };
		9D6AF37B4DC46FA972A1B17C /* Pods-GroceryApp.debug.xcconfig */ = {isa = PBXFileReference; includeInIndex = 1; lastKnownFileType = text.xcconfig; name = "Pods-GroceryApp.debug.xcconfig"; path = "Target Support Files/Pods-GroceryApp/Pods-GroceryApp.debug.xcconfig"; sourceTree = "<group>"; };
		CE0F66AF261DFD3B000917CF /* GroceryApp.app */ = {isa = PBXFileReference; explicitFileType = wrapper.application; includeInIndex = 0; path = GroceryApp.app; sourceTree = BUILT_PRODUCTS_DIR; };
		CE0F66B2261DFD3B000917CF /* AppDelegate.swift */ = {isa = PBXFileReference; lastKnownFileType = sourcecode.swift; path = AppDelegate.swift; sourceTree = "<group>"; };
		CE0F66B4261DFD3B000917CF /* SceneDelegate.swift */ = {isa = PBXFileReference; lastKnownFileType = sourcecode.swift; path = SceneDelegate.swift; sourceTree = "<group>"; };
		CE0F66B9261DFD3B000917CF /* Base */ = {isa = PBXFileReference; lastKnownFileType = file.storyboard; name = Base; path = Base.lproj/Main.storyboard; sourceTree = "<group>"; };
		CE0F66BB261DFD3F000917CF /* Assets.xcassets */ = {isa = PBXFileReference; lastKnownFileType = folder.assetcatalog; path = Assets.xcassets; sourceTree = "<group>"; };
		CE0F66BE261DFD3F000917CF /* Base */ = {isa = PBXFileReference; lastKnownFileType = file.storyboard; name = Base; path = Base.lproj/LaunchScreen.storyboard; sourceTree = "<group>"; };
		CE0F66C0261DFD3F000917CF /* Info.plist */ = {isa = PBXFileReference; lastKnownFileType = text.plist.xml; path = Info.plist; sourceTree = "<group>"; };
		CE0F66CF261E02C0000917CF /* ShopListTableViewController.swift */ = {isa = PBXFileReference; lastKnownFileType = sourcecode.swift; path = ShopListTableViewController.swift; sourceTree = "<group>"; };
		CE0F66D2261E0B29000917CF /* ProductsTableViewController.swift */ = {isa = PBXFileReference; lastKnownFileType = sourcecode.swift; path = ProductsTableViewController.swift; sourceTree = "<group>"; };
/* End PBXFileReference section */

/* Begin PBXFrameworksBuildPhase section */
		CE0F66AC261DFD3B000917CF /* Frameworks */ = {
			isa = PBXFrameworksBuildPhase;
			buildActionMask = 2147483647;
			files = (
				B4B624E2752EE06349DCF9C9 /* Pods_GroceryApp.framework in Frameworks */,
			);
			runOnlyForDeploymentPostprocessing = 0;
		};
/* End PBXFrameworksBuildPhase section */

/* Begin PBXGroup section */
		114434A75BF12474C215C5E9 /* Frameworks */ = {
			isa = PBXGroup;
			children = (
				45E15BC374CB378E0F8C8191 /* Pods_GroceryApp.framework */,
			);
			name = Frameworks;
			sourceTree = "<group>";
		};
		5ACB0C3DC663B91B14D331BB /* Pods */ = {
			isa = PBXGroup;
			children = (
				9D6AF37B4DC46FA972A1B17C /* Pods-GroceryApp.debug.xcconfig */,
				1E69B179503F8C8F407FAD5C /* Pods-GroceryApp.release.xcconfig */,
			);
			name = Pods;
			path = Pods;
			sourceTree = "<group>";
		};
		CE0F66A6261DFD3B000917CF = {
			isa = PBXGroup;
			children = (
				CE0F66B1261DFD3B000917CF /* GroceryApp */,
				CE0F66B0261DFD3B000917CF /* Products */,
				5ACB0C3DC663B91B14D331BB /* Pods */,
				114434A75BF12474C215C5E9 /* Frameworks */,
			);
			sourceTree = "<group>";
		};
		CE0F66B0261DFD3B000917CF /* Products */ = {
			isa = PBXGroup;
			children = (
				CE0F66AF261DFD3B000917CF /* GroceryApp.app */,
			);
			name = Products;
			sourceTree = "<group>";
		};
		CE0F66B1261DFD3B000917CF /* GroceryApp */ = {
			isa = PBXGroup;
			children = (
				CE0F66CD261DFDED000917CF /* ViewControllers */,
				CE0F66CC261DFDDF000917CF /* Services */,
				CE0F66CB261DFDD8000917CF /* Model */,
				CE0F66C7261DFD92000917CF /* SupportFiles */,
				CE0F66C9261DFDBF000917CF /* StoryBoards */,
				CE0F66BB261DFD3F000917CF /* Assets.xcassets */,
			);
			path = GroceryApp;
			sourceTree = "<group>";
		};
		CE0F66C7261DFD92000917CF /* SupportFiles */ = {
			isa = PBXGroup;
			children = (
				CE0F66B2261DFD3B000917CF /* AppDelegate.swift */,
				CE0F66B4261DFD3B000917CF /* SceneDelegate.swift */,
				CE0F66C0261DFD3F000917CF /* Info.plist */,
			);
			path = SupportFiles;
			sourceTree = "<group>";
		};
		CE0F66C9261DFDBF000917CF /* StoryBoards */ = {
			isa = PBXGroup;
			children = (
				CE0F66B8261DFD3B000917CF /* Main.storyboard */,
				CE0F66BD261DFD3F000917CF /* LaunchScreen.storyboard */,
			);
			path = StoryBoards;
			sourceTree = "<group>";
		};
		CE0F66CB261DFDD8000917CF /* Model */ = {
			isa = PBXGroup;
			children = (
			);
			path = Model;
			sourceTree = "<group>";
		};
		CE0F66CC261DFDDF000917CF /* Services */ = {
			isa = PBXGroup;
			children = (
			);
			path = Services;
			sourceTree = "<group>";
		};
		CE0F66CD261DFDED000917CF /* ViewControllers */ = {
			isa = PBXGroup;
			children = (
				CE0F66CF261E02C0000917CF /* ShopListTableViewController.swift */,
				CE0F66D2261E0B29000917CF /* ProductsTableViewController.swift */,
			);
			path = ViewControllers;
			sourceTree = "<group>";
		};
/* End PBXGroup section */

/* Begin PBXNativeTarget section */
		CE0F66AE261DFD3B000917CF /* GroceryApp */ = {
			isa = PBXNativeTarget;
			buildConfigurationList = CE0F66C3261DFD3F000917CF /* Build configuration list for PBXNativeTarget "GroceryApp" */;
			buildPhases = (
				206C2C48C2168628083ED2CB /* [CP] Check Pods Manifest.lock */,
				CE0F66AB261DFD3B000917CF /* Sources */,
				CE0F66AC261DFD3B000917CF /* Frameworks */,
				CE0F66AD261DFD3B000917CF /* Resources */,
				A677B9737864BC970FA5A2D3 /* [CP] Embed Pods Frameworks */,
			);
			buildRules = (
			);
			dependencies = (
			);
			name = GroceryApp;
			productName = GroceryApp;
			productReference = CE0F66AF261DFD3B000917CF /* GroceryApp.app */;
			productType = "com.apple.product-type.application";
		};
/* End PBXNativeTarget section */

/* Begin PBXProject section */
		CE0F66A7261DFD3B000917CF /* Project object */ = {
			isa = PBXProject;
			attributes = {
				LastSwiftUpdateCheck = 1240;
				LastUpgradeCheck = 1240;
				TargetAttributes = {
					CE0F66AE261DFD3B000917CF = {
						CreatedOnToolsVersion = 12.4;
					};
				};
			};
			buildConfigurationList = CE0F66AA261DFD3B000917CF /* Build configuration list for PBXProject "GroceryApp" */;
			compatibilityVersion = "Xcode 9.3";
			developmentRegion = en;
			hasScannedForEncodings = 0;
			knownRegions = (
				en,
				Base,
			);
			mainGroup = CE0F66A6261DFD3B000917CF;
			productRefGroup = CE0F66B0261DFD3B000917CF /* Products */;
			projectDirPath = "";
			projectRoot = "";
			targets = (
				CE0F66AE261DFD3B000917CF /* GroceryApp */,
			);
		};
/* End PBXProject section */

/* Begin PBXResourcesBuildPhase section */
		CE0F66AD261DFD3B000917CF /* Resources */ = {
			isa = PBXResourcesBuildPhase;
			buildActionMask = 2147483647;
			files = (
				CE0F66BF261DFD3F000917CF /* LaunchScreen.storyboard in Resources */,
				CE0F66BC261DFD3F000917CF /* Assets.xcassets in Resources */,
				CE0F66BA261DFD3B000917CF /* Main.storyboard in Resources */,
			);
			runOnlyForDeploymentPostprocessing = 0;
		};
/* End PBXResourcesBuildPhase section */

/* Begin PBXShellScriptBuildPhase section */
		206C2C48C2168628083ED2CB /* [CP] Check Pods Manifest.lock */ = {
			isa = PBXShellScriptBuildPhase;
			buildActionMask = 2147483647;
			files = (
			);
			inputFileListPaths = (
			);
			inputPaths = (
				"${PODS_PODFILE_DIR_PATH}/Podfile.lock",
				"${PODS_ROOT}/Manifest.lock",
			);
			name = "[CP] Check Pods Manifest.lock";
			outputFileListPaths = (
			);
			outputPaths = (
				"$(DERIVED_FILE_DIR)/Pods-GroceryApp-checkManifestLockResult.txt",
			);
			runOnlyForDeploymentPostprocessing = 0;
			shellPath = /bin/sh;
			shellScript = "diff \"${PODS_PODFILE_DIR_PATH}/Podfile.lock\" \"${PODS_ROOT}/Manifest.lock\" > /dev/null\nif [ $? != 0 ] ; then\n    # print error to STDERR\n    echo \"error: The sandbox is not in sync with the Podfile.lock. Run 'pod install' or update your CocoaPods installation.\" >&2\n    exit 1\nfi\n# This output is used by Xcode 'outputs' to avoid re-running this script phase.\necho \"SUCCESS\" > \"${SCRIPT_OUTPUT_FILE_0}\"\n";
			showEnvVarsInLog = 0;
		};
		A677B9737864BC970FA5A2D3 /* [CP] Embed Pods Frameworks */ = {
			isa = PBXShellScriptBuildPhase;
			buildActionMask = 2147483647;
			files = (
			);
			inputFileListPaths = (
				"${PODS_ROOT}/Target Support Files/Pods-GroceryApp/Pods-GroceryApp-frameworks-${CONFIGURATION}-input-files.xcfilelist",
			);
			name = "[CP] Embed Pods Frameworks";
			outputFileListPaths = (
				"${PODS_ROOT}/Target Support Files/Pods-GroceryApp/Pods-GroceryApp-frameworks-${CONFIGURATION}-output-files.xcfilelist",
			);
			runOnlyForDeploymentPostprocessing = 0;
			shellPath = /bin/sh;
			shellScript = "\"${PODS_ROOT}/Target Support Files/Pods-GroceryApp/Pods-GroceryApp-frameworks.sh\"\n";
			showEnvVarsInLog = 0;
		};
/* End PBXShellScriptBuildPhase section */

/* Begin PBXSourcesBuildPhase section */
		CE0F66AB261DFD3B000917CF /* Sources */ = {
			isa = PBXSourcesBuildPhase;
			buildActionMask = 2147483647;
			files = (
				CE0F66B3261DFD3B000917CF /* AppDelegate.swift in Sources */,
				CE0F66D3261E0B29000917CF /* ProductsTableViewController.swift in Sources */,
				CE0F66B5261DFD3B000917CF /* SceneDelegate.swift in Sources */,
				CE0F66D0261E02C0000917CF /* ShopListTableViewController.swift in Sources */,
			);
			runOnlyForDeploymentPostprocessing = 0;
		};
/* End PBXSourcesBuildPhase section */

/* Begin PBXVariantGroup section */
		CE0F66B8261DFD3B000917CF /* Main.storyboard */ = {
			isa = PBXVariantGroup;
			children = (
				CE0F66B9261DFD3B000917CF /* Base */,
			);
			name = Main.storyboard;
			sourceTree = "<group>";
		};
		CE0F66BD261DFD3F000917CF /* LaunchScreen.storyboard */ = {
			isa = PBXVariantGroup;
			children = (
				CE0F66BE261DFD3F000917CF /* Base */,
			);
			name = LaunchScreen.storyboard;
			sourceTree = "<group>";
		};
/* End PBXVariantGroup section */

/* Begin XCBuildConfiguration section */
		CE0F66C1261DFD3F000917CF /* Debug */ = {
			isa = XCBuildConfiguration;
			buildSettings = {
				ALWAYS_SEARCH_USER_PATHS = NO;
				CLANG_ANALYZER_NONNULL = YES;
				CLANG_ANALYZER_NUMBER_OBJECT_CONVERSION = YES_AGGRESSIVE;
				CLANG_CXX_LANGUAGE_STANDARD = "gnu++14";
				CLANG_CXX_LIBRARY = "libc++";
				CLANG_ENABLE_MODULES = YES;
				CLANG_ENABLE_OBJC_ARC = YES;
				CLANG_ENABLE_OBJC_WEAK = YES;
				CLANG_WARN_BLOCK_CAPTURE_AUTORELEASING = YES;
				CLANG_WARN_BOOL_CONVERSION = YES;
				CLANG_WARN_COMMA = YES;
				CLANG_WARN_CONSTANT_CONVERSION = YES;
				CLANG_WARN_DEPRECATED_OBJC_IMPLEMENTATIONS = YES;
				CLANG_WARN_DIRECT_OBJC_ISA_USAGE = YES_ERROR;
				CLANG_WARN_DOCUMENTATION_COMMENTS = YES;
				CLANG_WARN_EMPTY_BODY = YES;
				CLANG_WARN_ENUM_CONVERSION = YES;
				CLANG_WARN_INFINITE_RECURSION = YES;
				CLANG_WARN_INT_CONVERSION = YES;
				CLANG_WARN_NON_LITERAL_NULL_CONVERSION = YES;
				CLANG_WARN_OBJC_IMPLICIT_RETAIN_SELF = YES;
				CLANG_WARN_OBJC_LITERAL_CONVERSION = YES;
				CLANG_WARN_OBJC_ROOT_CLASS = YES_ERROR;
				CLANG_WARN_QUOTED_INCLUDE_IN_FRAMEWORK_HEADER = YES;
				CLANG_WARN_RANGE_LOOP_ANALYSIS = YES;
				CLANG_WARN_STRICT_PROTOTYPES = YES;
				CLANG_WARN_SUSPICIOUS_MOVE = YES;
				CLANG_WARN_UNGUARDED_AVAILABILITY = YES_AGGRESSIVE;
				CLANG_WARN_UNREACHABLE_CODE = YES;
				CLANG_WARN__DUPLICATE_METHOD_MATCH = YES;
				COPY_PHASE_STRIP = NO;
				DEBUG_INFORMATION_FORMAT = dwarf;
				ENABLE_STRICT_OBJC_MSGSEND = YES;
				ENABLE_TESTABILITY = YES;
				GCC_C_LANGUAGE_STANDARD = gnu11;
				GCC_DYNAMIC_NO_PIC = NO;
				GCC_NO_COMMON_BLOCKS = YES;
				GCC_OPTIMIZATION_LEVEL = 0;
				GCC_PREPROCESSOR_DEFINITIONS = (
					"DEBUG=1",
					"$(inherited)",
				);
				GCC_WARN_64_TO_32_BIT_CONVERSION = YES;
				GCC_WARN_ABOUT_RETURN_TYPE = YES_ERROR;
				GCC_WARN_UNDECLARED_SELECTOR = YES;
				GCC_WARN_UNINITIALIZED_AUTOS = YES_AGGRESSIVE;
				GCC_WARN_UNUSED_FUNCTION = YES;
				GCC_WARN_UNUSED_VARIABLE = YES;
				IPHONEOS_DEPLOYMENT_TARGET = 14.4;
				MTL_ENABLE_DEBUG_INFO = INCLUDE_SOURCE;
				MTL_FAST_MATH = YES;
				ONLY_ACTIVE_ARCH = YES;
				SDKROOT = iphoneos;
				SWIFT_ACTIVE_COMPILATION_CONDITIONS = DEBUG;
				SWIFT_OPTIMIZATION_LEVEL = "-Onone";
			};
			name = Debug;
		};
		CE0F66C2261DFD3F000917CF /* Release */ = {
			isa = XCBuildConfiguration;
			buildSettings = {
				ALWAYS_SEARCH_USER_PATHS = NO;
				CLANG_ANALYZER_NONNULL = YES;
				CLANG_ANALYZER_NUMBER_OBJECT_CONVERSION = YES_AGGRESSIVE;
				CLANG_CXX_LANGUAGE_STANDARD = "gnu++14";
				CLANG_CXX_LIBRARY = "libc++";
				CLANG_ENABLE_MODULES = YES;
				CLANG_ENABLE_OBJC_ARC = YES;
				CLANG_ENABLE_OBJC_WEAK = YES;
				CLANG_WARN_BLOCK_CAPTURE_AUTORELEASING = YES;
				CLANG_WARN_BOOL_CONVERSION = YES;
				CLANG_WARN_COMMA = YES;
				CLANG_WARN_CONSTANT_CONVERSION = YES;
				CLANG_WARN_DEPRECATED_OBJC_IMPLEMENTATIONS = YES;
				CLANG_WARN_DIRECT_OBJC_ISA_USAGE = YES_ERROR;
				CLANG_WARN_DOCUMENTATION_COMMENTS = YES;
				CLANG_WARN_EMPTY_BODY = YES;
				CLANG_WARN_ENUM_CONVERSION = YES;
				CLANG_WARN_INFINITE_RECURSION = YES;
				CLANG_WARN_INT_CONVERSION = YES;
				CLANG_WARN_NON_LITERAL_NULL_CONVERSION = YES;
				CLANG_WARN_OBJC_IMPLICIT_RETAIN_SELF = YES;
				CLANG_WARN_OBJC_LITERAL_CONVERSION = YES;
				CLANG_WARN_OBJC_ROOT_CLASS = YES_ERROR;
				CLANG_WARN_QUOTED_INCLUDE_IN_FRAMEWORK_HEADER = YES;
				CLANG_WARN_RANGE_LOOP_ANALYSIS = YES;
				CLANG_WARN_STRICT_PROTOTYPES = YES;
				CLANG_WARN_SUSPICIOUS_MOVE = YES;
				CLANG_WARN_UNGUARDED_AVAILABILITY = YES_AGGRESSIVE;
				CLANG_WARN_UNREACHABLE_CODE = YES;
				CLANG_WARN__DUPLICATE_METHOD_MATCH = YES;
				COPY_PHASE_STRIP = NO;
				DEBUG_INFORMATION_FORMAT = "dwarf-with-dsym";
				ENABLE_NS_ASSERTIONS = NO;
				ENABLE_STRICT_OBJC_MSGSEND = YES;
				GCC_C_LANGUAGE_STANDARD = gnu11;
				GCC_NO_COMMON_BLOCKS = YES;
				GCC_WARN_64_TO_32_BIT_CONVERSION = YES;
				GCC_WARN_ABOUT_RETURN_TYPE = YES_ERROR;
				GCC_WARN_UNDECLARED_SELECTOR = YES;
				GCC_WARN_UNINITIALIZED_AUTOS = YES_AGGRESSIVE;
				GCC_WARN_UNUSED_FUNCTION = YES;
				GCC_WARN_UNUSED_VARIABLE = YES;
				IPHONEOS_DEPLOYMENT_TARGET = 14.4;
				MTL_ENABLE_DEBUG_INFO = NO;
				MTL_FAST_MATH = YES;
				SDKROOT = iphoneos;
				SWIFT_COMPILATION_MODE = wholemodule;
				SWIFT_OPTIMIZATION_LEVEL = "-O";
				VALIDATE_PRODUCT = YES;
			};
			name = Release;
		};
		CE0F66C4261DFD3F000917CF /* Debug */ = {
			isa = XCBuildConfiguration;
			baseConfigurationReference = 9D6AF37B4DC46FA972A1B17C /* Pods-GroceryApp.debug.xcconfig */;
			buildSettings = {
				ASSETCATALOG_COMPILER_APPICON_NAME = AppIcon;
				ASSETCATALOG_COMPILER_GLOBAL_ACCENT_COLOR_NAME = AccentColor;
				CODE_SIGN_STYLE = Automatic;
				DEVELOPMENT_TEAM = 25ZP9J625N;
				INFOPLIST_FILE = GroceryApp/Info.plist;
				LD_RUNPATH_SEARCH_PATHS = (
					"$(inherited)",
					"@executable_path/Frameworks",
				);
				PRODUCT_BUNDLE_IDENTIFIER = m.nazirov.GroceryApp;
				PRODUCT_NAME = "$(TARGET_NAME)";
				SWIFT_VERSION = 5.0;
				TARGETED_DEVICE_FAMILY = 1;
			};
			name = Debug;
		};
		CE0F66C5261DFD3F000917CF /* Release */ = {
			isa = XCBuildConfiguration;
			baseConfigurationReference = 1E69B179503F8C8F407FAD5C /* Pods-GroceryApp.release.xcconfig */;
			buildSettings = {
				ASSETCATALOG_COMPILER_APPICON_NAME = AppIcon;
				ASSETCATALOG_COMPILER_GLOBAL_ACCENT_COLOR_NAME = AccentColor;
				CODE_SIGN_STYLE = Automatic;
				DEVELOPMENT_TEAM = 25ZP9J625N;
				INFOPLIST_FILE = GroceryApp/Info.plist;
				LD_RUNPATH_SEARCH_PATHS = (
					"$(inherited)",
					"@executable_path/Frameworks",
				);
				PRODUCT_BUNDLE_IDENTIFIER = m.nazirov.GroceryApp;
				PRODUCT_NAME = "$(TARGET_NAME)";
				SWIFT_VERSION = 5.0;
				TARGETED_DEVICE_FAMILY = 1;
			};
			name = Release;
		};
/* End XCBuildConfiguration section */

/* Begin XCConfigurationList section */
		CE0F66AA261DFD3B000917CF /* Build configuration list for PBXProject "GroceryApp" */ = {
			isa = XCConfigurationList;
			buildConfigurations = (
				CE0F66C1261DFD3F000917CF /* Debug */,
				CE0F66C2261DFD3F000917CF /* Release */,
			);
			defaultConfigurationIsVisible = 0;
			defaultConfigurationName = Release;
		};
		CE0F66C3261DFD3F000917CF /* Build configuration list for PBXNativeTarget "GroceryApp" */ = {
			isa = XCConfigurationList;
			buildConfigurations = (
				CE0F66C4261DFD3F000917CF /* Debug */,
				CE0F66C5261DFD3F000917CF /* Release */,
			);
			defaultConfigurationIsVisible = 0;
			defaultConfigurationName = Release;
		};
/* End XCConfigurationList section */
	};
	rootObject = CE0F66A7261DFD3B000917CF /* Project object */;
}
